PODS:
  - QBImagePickerController (3.4.0)
  - React (0.50.3):
    - React/Core (= 0.50.3)
  - react-native-image-picker (0.14.3):
    - React
  - React/Core (0.50.3):
    - yoga (= 0.50.3.React)
  - React/fishhook (0.50.3)
  - React/RCTActionSheet (0.50.3):
    - React/Core
  - React/RCTAnimation (0.50.3):
    - React/Core
  - React/RCTBlob (0.50.3):
    - React/Core
  - React/RCTGeolocation (0.50.3):
    - React/Core
  - React/RCTImage (0.50.3):
    - React/Core
    - React/RCTNetwork
  - React/RCTLinkingIOS (0.50.3):
    - React/Core
  - React/RCTNetwork (0.50.3):
    - React/Core
  - React/RCTSettings (0.50.3):
    - React/Core
  - React/RCTText (0.50.3):
    - React/Core
  - React/RCTVibration (0.50.3):
    - React/Core
  - React/RCTWebSocket (0.50.3):
    - React/Core
    - React/fishhook
    - React/RCTBlob
  - RNImageCropPicker (0.20.0):
    - QBImagePickerController
    - RSKImageCropper
  - RNShare (1.0.26):
    - React
  - RNSVG (5.5.1):
    - React
  - RNVectorIcons (4.5.0):
    - React
  - RSKImageCropper (2.0.0)
  - yoga (0.50.3.React)

DEPENDENCIES:
  - QBImagePickerController
  - react-native-image-picker (from `../node_modules/react-native-image-picker`)
  - React/Core (from `../node_modules/react-native`)
  - React/RCTActionSheet (from `../node_modules/react-native`)
  - React/RCTAnimation (from `../node_modules/react-native`)
  - React/RCTGeolocation (from `../node_modules/react-native`)
  - React/RCTImage (from `../node_modules/react-native`)
  - React/RCTLinkingIOS (from `../node_modules/react-native`)
  - React/RCTNetwork (from `../node_modules/react-native`)
  - React/RCTSettings (from `../node_modules/react-native`)
  - React/RCTText (from `../node_modules/react-native`)
  - React/RCTVibration (from `../node_modules/react-native`)
  - React/RCTWebSocket (from `../node_modules/react-native`)
  - RNImageCropPicker (from `../node_modules/react-native-image-crop-picker`)
  - RNShare (from `../node_modules/react-native-share`)
  - RNSVG (from `../node_modules/react-native-svg`)
  - RNVectorIcons (from `../node_modules/react-native-vector-icons`)
  - RSKImageCropper
  - yoga (from `../node_modules/react-native/ReactCommon/yoga/yoga.podspec`)

EXTERNAL SOURCES:
  React:
    :path: ../node_modules/react-native
  react-native-image-picker:
    :path: ../node_modules/react-native-image-picker
  RNImageCropPicker:
    :path: ../node_modules/react-native-image-crop-picker
  RNShare:
    :path: ../node_modules/react-native-share
  RNSVG:
    :path: ../node_modules/react-native-svg
  RNVectorIcons:
    :path: ../node_modules/react-native-vector-icons
  yoga:
    :path: ../node_modules/react-native/ReactCommon/yoga/yoga.podspec

SPEC CHECKSUMS:
  QBImagePickerController: d54cf93db6decf26baf6ed3472f336ef35cae022
  React: 541ba768b9855e10cdc76f55427a5cd0653ca806
  react-native-image-picker: 42cfe2c8435d893414f8714a81e480313cb1412b
  RNImageCropPicker: a637beb8f4c76bf9fe8a89d404ad65a33c4215ac
  RNShare: 40c92dc26432c51019b94dee6e5eb5097d75c794
  RNSVG: 6de4fb571bf91b9c67910a8d641532349bddf90a
  RNVectorIcons: c0dbfbf6068fefa240c37b0f71bd03b45dddac44
  RSKImageCropper: d9a1acbc0600bf8decc8f0d21895872c99a9e4cf
  yoga: 17521bbb0dd54a47c0b3ac43253e78cdac7488e0

PODFILE CHECKSUM: bd74dbdcdea90f9170992d65181edd091c2cc0ad

COCOAPODS: 1.4.0
